
Microsoft Visual Studio Solution File, Format Version 12.00
# Visual Studio Version 17
VisualStudioVersion = 17.9.34701.34
MinimumVisualStudioVersion = 10.0.40219.1
Project("{9A19103F-16F7-4668-BE54-9A1E7A4F7556}") = "RefresherCourse", "RefresherCourse\RefresherCourse.csproj", "{69E3B276-EA18-49C6-AE27-F3588A32BDA7}"
EndProject
Global
	GlobalSection(SolutionConfigurationPlatforms) = preSolution
		Debug|Any CPU = Debug|Any CPU
		Release|Any CPU = Release|Any CPU
	EndGlobalSection
	GlobalSection(ProjectConfigurationPlatforms) = postSolution
		{69E3B276-EA18-49C6-AE27-F3588A32BDA7}.Debug|Any CPU.ActiveCfg = Debug|Any CPU
		{69E3B276-EA18-49C6-AE27-F3588A32BDA7}.Debug|Any CPU.Build.0 = Debug|Any CPU
		{69E3B276-EA18-49C6-AE27-F3588A32BDA7}.Release|Any CPU.ActiveCfg = Release|Any CPU
		{69E3B276-EA18-49C6-AE27-F3588A32BDA7}.Release|Any CPU.Build.0 = Release|Any CPU
	EndGlobalSection
	GlobalSection(SolutionProperties) = preSolution
		HideSolutionNode = FALSE
	EndGlobalSection
	GlobalSection(ExtensibilityGlobals) = postSolution
		SolutionGuid = {6A773847-DF96-42B5-9293-77CD9F25371B}
	EndGlobalSection
EndGlobal
